// !$*UTF8*$!
{
	archiveVersion = 1;
	classes = {
	};
	objectVersion = 56;
	objects = {

/* Begin PBXBuildFile section */
		F545318A29DDCE460073242E /* CustomTextField.swift in Sources */ = {isa = PBXBuildFile; fileRef = F545318929DDCE460073242E /* CustomTextField.swift */; };
		F545318C29DDCE780073242E /* LoginViewModel.swift in Sources */ = {isa = PBXBuildFile; fileRef = F545318B29DDCE780073242E /* LoginViewModel.swift */; };
		F58DD81729DB41D200BAA065 /* ChatAIApp.swift in Sources */ = {isa = PBXBuildFile; fileRef = F58DD81629DB41D200BAA065 /* ChatAIApp.swift */; };
		F58DD81929DB41D200BAA065 /* ContentView.swift in Sources */ = {isa = PBXBuildFile; fileRef = F58DD81829DB41D200BAA065 /* ContentView.swift */; };
		F58DD81B29DB41D200BAA065 /* Assets.xcassets in Resources */ = {isa = PBXBuildFile; fileRef = F58DD81A29DB41D200BAA065 /* Assets.xcassets */; };
		F58DD81F29DB41D200BAA065 /* Preview Assets.xcassets in Resources */ = {isa = PBXBuildFile; fileRef = F58DD81E29DB41D200BAA065 /* Preview Assets.xcassets */; };
		F58DD82929DB41D200BAA065 /* ChatAITests.swift in Sources */ = {isa = PBXBuildFile; fileRef = F58DD82829DB41D200BAA065 /* ChatAITests.swift */; };
		F58DD83329DB41D200BAA065 /* ChatAIUITests.swift in Sources */ = {isa = PBXBuildFile; fileRef = F58DD83229DB41D200BAA065 /* ChatAIUITests.swift */; };
		F58DD83529DB41D200BAA065 /* ChatAIUITestsLaunchTests.swift in Sources */ = {isa = PBXBuildFile; fileRef = F58DD83429DB41D200BAA065 /* ChatAIUITestsLaunchTests.swift */; };
		F58DD84329DB431D00BAA065 /* FirebaseAuth in Frameworks */ = {isa = PBXBuildFile; productRef = F58DD84229DB431D00BAA065 /* FirebaseAuth */; };
		F58DD84629DB43E300BAA065 /* GoogleSignIn in Frameworks */ = {isa = PBXBuildFile; productRef = F58DD84529DB43E300BAA065 /* GoogleSignIn */; };
		F58DD84829DB43E300BAA065 /* GoogleSignInSwift in Frameworks */ = {isa = PBXBuildFile; productRef = F58DD84729DB43E300BAA065 /* GoogleSignInSwift */; };
		F58DD84A29DB451700BAA065 /* GoogleService-Info.plist in Resources */ = {isa = PBXBuildFile; fileRef = F58DD84929DB451700BAA065 /* GoogleService-Info.plist */; };
		F58DD85029DB487C00BAA065 /* Login.swift in Sources */ = {isa = PBXBuildFile; fileRef = F58DD84F29DB487C00BAA065 /* Login.swift */; };
		F5DAA2E529EE262B0024C9F1 /* OpenAISwift in Frameworks */ = {isa = PBXBuildFile; productRef = F5DAA2E429EE262B0024C9F1 /* OpenAISwift */; };
/* End PBXBuildFile section */

/* Begin PBXContainerItemProxy section */
		F58DD82529DB41D200BAA065 /* PBXContainerItemProxy */ = {
			isa = PBXContainerItemProxy;
			containerPortal = F58DD80B29DB41D200BAA065 /* Project object */;
			proxyType = 1;
			remoteGlobalIDString = F58DD81229DB41D200BAA065;
			remoteInfo = ChatAI;
		};
		F58DD82F29DB41D200BAA065 /* PBXContainerItemProxy */ = {
			isa = PBXContainerItemProxy;
			containerPortal = F58DD80B29DB41D200BAA065 /* Project object */;
			proxyType = 1;
			remoteGlobalIDString = F58DD81229DB41D200BAA065;
			remoteInfo = ChatAI;
		};
/* End PBXContainerItemProxy section */

/* Begin PBXFileReference section */
		F545318929DDCE460073242E /* CustomTextField.swift */ = {isa = PBXFileReference; lastKnownFileType = sourcecode.swift; path = CustomTextField.swift; sourceTree = "<group>"; };
		F545318B29DDCE780073242E /* LoginViewModel.swift */ = {isa = PBXFileReference; lastKnownFileType = sourcecode.swift; path = LoginViewModel.swift; sourceTree = "<group>"; };
		F58DD81329DB41D200BAA065 /* ChatAI.app */ = {isa = PBXFileReference; explicitFileType = wrapper.application; includeInIndex = 0; path = ChatAI.app; sourceTree = BUILT_PRODUCTS_DIR; };
		F58DD81629DB41D200BAA065 /* ChatAIApp.swift */ = {isa = PBXFileReference; lastKnownFileType = sourcecode.swift; path = ChatAIApp.swift; sourceTree = "<group>"; };
		F58DD81829DB41D200BAA065 /* ContentView.swift */ = {isa = PBXFileReference; lastKnownFileType = sourcecode.swift; path = ContentView.swift; sourceTree = "<group>"; };
		F58DD81A29DB41D200BAA065 /* Assets.xcassets */ = {isa = PBXFileReference; lastKnownFileType = folder.assetcatalog; path = Assets.xcassets; sourceTree = "<group>"; };
		F58DD81C29DB41D200BAA065 /* ChatAI.entitlements */ = {isa = PBXFileReference; lastKnownFileType = text.plist.entitlements; path = ChatAI.entitlements; sourceTree = "<group>"; };
		F58DD81E29DB41D200BAA065 /* Preview Assets.xcassets */ = {isa = PBXFileReference; lastKnownFileType = folder.assetcatalog; path = "Preview Assets.xcassets"; sourceTree = "<group>"; };
		F58DD82429DB41D200BAA065 /* ChatAITests.xctest */ = {isa = PBXFileReference; explicitFileType = wrapper.cfbundle; includeInIndex = 0; path = ChatAITests.xctest; sourceTree = BUILT_PRODUCTS_DIR; };
		F58DD82829DB41D200BAA065 /* ChatAITests.swift */ = {isa = PBXFileReference; lastKnownFileType = sourcecode.swift; path = ChatAITests.swift; sourceTree = "<group>"; };
		F58DD82E29DB41D200BAA065 /* ChatAIUITests.xctest */ = {isa = PBXFileReference; explicitFileType = wrapper.cfbundle; includeInIndex = 0; path = ChatAIUITests.xctest; sourceTree = BUILT_PRODUCTS_DIR; };
		F58DD83229DB41D200BAA065 /* ChatAIUITests.swift */ = {isa = PBXFileReference; lastKnownFileType = sourcecode.swift; path = ChatAIUITests.swift; sourceTree = "<group>"; };
		F58DD83429DB41D200BAA065 /* ChatAIUITestsLaunchTests.swift */ = {isa = PBXFileReference; lastKnownFileType = sourcecode.swift; path = ChatAIUITestsLaunchTests.swift; sourceTree = "<group>"; };
		F58DD84929DB451700BAA065 /* GoogleService-Info.plist */ = {isa = PBXFileReference; fileEncoding = 4; lastKnownFileType = text.plist.xml; path = "GoogleService-Info.plist"; sourceTree = "<group>"; };
		F58DD84B29DB46B900BAA065 /* Info.plist */ = {isa = PBXFileReference; lastKnownFileType = text.plist; path = Info.plist; sourceTree = "<group>"; };
		F58DD84F29DB487C00BAA065 /* Login.swift */ = {isa = PBXFileReference; lastKnownFileType = sourcecode.swift; path = Login.swift; sourceTree = "<group>"; };
/* End PBXFileReference section */

/* Begin PBXFrameworksBuildPhase section */
		F58DD81029DB41D200BAA065 /* Frameworks */ = {
			isa = PBXFrameworksBuildPhase;
			buildActionMask = 2147483647;
			files = (
				F5DAA2E529EE262B0024C9F1 /* OpenAISwift in Frameworks */,
				F58DD84829DB43E300BAA065 /* GoogleSignInSwift in Frameworks */,
				F58DD84329DB431D00BAA065 /* FirebaseAuth in Frameworks */,
				F58DD84629DB43E300BAA065 /* GoogleSignIn in Frameworks */,
			);
			runOnlyForDeploymentPostprocessing = 0;
		};
		F58DD82129DB41D200BAA065 /* Frameworks */ = {
			isa = PBXFrameworksBuildPhase;
			buildActionMask = 2147483647;
			files = (
			);
			runOnlyForDeploymentPostprocessing = 0;
		};
		F58DD82B29DB41D200BAA065 /* Frameworks */ = {
			isa = PBXFrameworksBuildPhase;
			buildActionMask = 2147483647;
			files = (
			);
			runOnlyForDeploymentPostprocessing = 0;
		};
/* End PBXFrameworksBuildPhase section */

/* Begin PBXGroup section */
		F58DD80A29DB41D200BAA065 = {
			isa = PBXGroup;
			children = (
				F58DD81529DB41D200BAA065 /* ChatAI */,
				F58DD82729DB41D200BAA065 /* ChatAITests */,
				F58DD83129DB41D200BAA065 /* ChatAIUITests */,
				F58DD81429DB41D200BAA065 /* Products */,
			);
			sourceTree = "<group>";
		};
		F58DD81429DB41D200BAA065 /* Products */ = {
			isa = PBXGroup;
			children = (
				F58DD81329DB41D200BAA065 /* ChatAI.app */,
				F58DD82429DB41D200BAA065 /* ChatAITests.xctest */,
				F58DD82E29DB41D200BAA065 /* ChatAIUITests.xctest */,
			);
			name = Products;
			sourceTree = "<group>";
		};
		F58DD81529DB41D200BAA065 /* ChatAI */ = {
			isa = PBXGroup;
			children = (
				F58DD84C29DB47FC00BAA065 /* ViewModel */,
				F58DD84E29DB484100BAA065 /* View */,
				F58DD84B29DB46B900BAA065 /* Info.plist */,
				F58DD84929DB451700BAA065 /* GoogleService-Info.plist */,
				F58DD81629DB41D200BAA065 /* ChatAIApp.swift */,
				F58DD81829DB41D200BAA065 /* ContentView.swift */,
				F58DD81A29DB41D200BAA065 /* Assets.xcassets */,
				F58DD81C29DB41D200BAA065 /* ChatAI.entitlements */,
				F58DD81D29DB41D200BAA065 /* Preview Content */,
			);
			path = ChatAI;
			sourceTree = "<group>";
		};
		F58DD81D29DB41D200BAA065 /* Preview Content */ = {
			isa = PBXGroup;
			children = (
				F58DD81E29DB41D200BAA065 /* Preview Assets.xcassets */,
			);
			path = "Preview Content";
			sourceTree = "<group>";
		};
		F58DD82729DB41D200BAA065 /* ChatAITests */ = {
			isa = PBXGroup;
			children = (
				F58DD82829DB41D200BAA065 /* ChatAITests.swift */,
			);
			path = ChatAITests;
			sourceTree = "<group>";
		};
		F58DD83129DB41D200BAA065 /* ChatAIUITests */ = {
			isa = PBXGroup;
			children = (
				F58DD83229DB41D200BAA065 /* ChatAIUITests.swift */,
				F58DD83429DB41D200BAA065 /* ChatAIUITestsLaunchTests.swift */,
			);
			path = ChatAIUITests;
			sourceTree = "<group>";
		};
		F58DD84C29DB47FC00BAA065 /* ViewModel */ = {
			isa = PBXGroup;
			children = (
				F545318B29DDCE780073242E /* LoginViewModel.swift */,
			);
			path = ViewModel;
			sourceTree = "<group>";
		};
		F58DD84E29DB484100BAA065 /* View */ = {
			isa = PBXGroup;
			children = (
				F58DD84F29DB487C00BAA065 /* Login.swift */,
				F545318929DDCE460073242E /* CustomTextField.swift */,
			);
			path = View;
			sourceTree = "<group>";
		};
/* End PBXGroup section */

/* Begin PBXNativeTarget section */
		F58DD81229DB41D200BAA065 /* ChatAI */ = {
			isa = PBXNativeTarget;
			buildConfigurationList = F58DD83829DB41D200BAA065 /* Build configuration list for PBXNativeTarget "ChatAI" */;
			buildPhases = (
				F58DD80F29DB41D200BAA065 /* Sources */,
				F58DD81029DB41D200BAA065 /* Frameworks */,
				F58DD81129DB41D200BAA065 /* Resources */,
			);
			buildRules = (
			);
			dependencies = (
			);
			name = ChatAI;
			packageProductDependencies = (
				F58DD84229DB431D00BAA065 /* FirebaseAuth */,
				F58DD84529DB43E300BAA065 /* GoogleSignIn */,
				F58DD84729DB43E300BAA065 /* GoogleSignInSwift */,
				F5DAA2E429EE262B0024C9F1 /* OpenAISwift */,
			);
			productName = ChatAI;
			productReference = F58DD81329DB41D200BAA065 /* ChatAI.app */;
			productType = "com.apple.product-type.application";
		};
		F58DD82329DB41D200BAA065 /* ChatAITests */ = {
			isa = PBXNativeTarget;
			buildConfigurationList = F58DD83B29DB41D200BAA065 /* Build configuration list for PBXNativeTarget "ChatAITests" */;
			buildPhases = (
				F58DD82029DB41D200BAA065 /* Sources */,
				F58DD82129DB41D200BAA065 /* Frameworks */,
				F58DD82229DB41D200BAA065 /* Resources */,
			);
			buildRules = (
			);
			dependencies = (
				F58DD82629DB41D200BAA065 /* PBXTargetDependency */,
			);
			name = ChatAITests;
			productName = ChatAITests;
			productReference = F58DD82429DB41D200BAA065 /* ChatAITests.xctest */;
			productType = "com.apple.product-type.bundle.unit-test";
		};
		F58DD82D29DB41D200BAA065 /* ChatAIUITests */ = {
			isa = PBXNativeTarget;
			buildConfigurationList = F58DD83E29DB41D200BAA065 /* Build configuration list for PBXNativeTarget "ChatAIUITests" */;
			buildPhases = (
				F58DD82A29DB41D200BAA065 /* Sources */,
				F58DD82B29DB41D200BAA065 /* Frameworks */,
				F58DD82C29DB41D200BAA065 /* Resources */,
			);
			buildRules = (
			);
			dependencies = (
				F58DD83029DB41D200BAA065 /* PBXTargetDependency */,
			);
			name = ChatAIUITests;
			productName = ChatAIUITests;
			productReference = F58DD82E29DB41D200BAA065 /* ChatAIUITests.xctest */;
			productType = "com.apple.product-type.bundle.ui-testing";
		};
/* End PBXNativeTarget section */

/* Begin PBXProject section */
		F58DD80B29DB41D200BAA065 /* Project object */ = {
			isa = PBXProject;
			attributes = {
				BuildIndependentTargetsInParallel = 1;
				LastSwiftUpdateCheck = 1430;
				LastUpgradeCheck = 1430;
				ORGANIZATIONNAME = "Byron Gomez Jr";
				TargetAttributes = {
					F58DD81229DB41D200BAA065 = {
						CreatedOnToolsVersion = 14.3;
					};
					F58DD82329DB41D200BAA065 = {
						CreatedOnToolsVersion = 14.3;
						TestTargetID = F58DD81229DB41D200BAA065;
					};
					F58DD82D29DB41D200BAA065 = {
						CreatedOnToolsVersion = 14.3;
						TestTargetID = F58DD81229DB41D200BAA065;
					};
				};
			};
			buildConfigurationList = F58DD80E29DB41D200BAA065 /* Build configuration list for PBXProject "ChatAI" */;
			compatibilityVersion = "Xcode 14.0";
			developmentRegion = en;
			hasScannedForEncodings = 0;
			knownRegions = (
				en,
				Base,
			);
			mainGroup = F58DD80A29DB41D200BAA065;
			packageReferences = (
				F58DD84129DB431D00BAA065 /* XCRemoteSwiftPackageReference "firebase-ios-sdk" */,
				F58DD84429DB43E300BAA065 /* XCRemoteSwiftPackageReference "GoogleSignIn-iOS" */,
				F5DAA2E329EE262B0024C9F1 /* XCRemoteSwiftPackageReference "OpenAISwift" */,
			);
			productRefGroup = F58DD81429DB41D200BAA065 /* Products */;
			projectDirPath = "";
			projectRoot = "";
			targets = (
				F58DD81229DB41D200BAA065 /* ChatAI */,
				F58DD82329DB41D200BAA065 /* ChatAITests */,
				F58DD82D29DB41D200BAA065 /* ChatAIUITests */,
			);
		};
/* End PBXProject section */

/* Begin PBXResourcesBuildPhase section */
		F58DD81129DB41D200BAA065 /* Resources */ = {
			isa = PBXResourcesBuildPhase;
			buildActionMask = 2147483647;
			files = (
				F58DD81F29DB41D200BAA065 /* Preview Assets.xcassets in Resources */,
				F58DD81B29DB41D200BAA065 /* Assets.xcassets in Resources */,
				F58DD84A29DB451700BAA065 /* GoogleService-Info.plist in Resources */,
			);
			runOnlyForDeploymentPostprocessing = 0;
		};
		F58DD82229DB41D200BAA065 /* Resources */ = {
			isa = PBXResourcesBuildPhase;
			buildActionMask = 2147483647;
			files = (
			);
			runOnlyForDeploymentPostprocessing = 0;
		};
		F58DD82C29DB41D200BAA065 /* Resources */ = {
			isa = PBXResourcesBuildPhase;
			buildActionMask = 2147483647;
			files = (
			);
			runOnlyForDeploymentPostprocessing = 0;
		};
/* End PBXResourcesBuildPhase section */

/* Begin PBXSourcesBuildPhase section */
		F58DD80F29DB41D200BAA065 /* Sources */ = {
			isa = PBXSourcesBuildPhase;
			buildActionMask = 2147483647;
			files = (
				F545318A29DDCE460073242E /* CustomTextField.swift in Sources */,
				F58DD85029DB487C00BAA065 /* Login.swift in Sources */,
				F58DD81929DB41D200BAA065 /* ContentView.swift in Sources */,
				F545318C29DDCE780073242E /* LoginViewModel.swift in Sources */,
				F58DD81729DB41D200BAA065 /* ChatAIApp.swift in Sources */,
			);
			runOnlyForDeploymentPostprocessing = 0;
		};
		F58DD82029DB41D200BAA065 /* Sources */ = {
			isa = PBXSourcesBuildPhase;
			buildActionMask = 2147483647;
			files = (
				F58DD82929DB41D200BAA065 /* ChatAITests.swift in Sources */,
			);
			runOnlyForDeploymentPostprocessing = 0;
		};
		F58DD82A29DB41D200BAA065 /* Sources */ = {
			isa = PBXSourcesBuildPhase;
			buildActionMask = 2147483647;
			files = (
				F58DD83529DB41D200BAA065 /* ChatAIUITestsLaunchTests.swift in Sources */,
				F58DD83329DB41D200BAA065 /* ChatAIUITests.swift in Sources */,
			);
			runOnlyForDeploymentPostprocessing = 0;
		};
/* End PBXSourcesBuildPhase section */

/* Begin PBXTargetDependency section */
		F58DD82629DB41D200BAA065 /* PBXTargetDependency */ = {
			isa = PBXTargetDependency;
			target = F58DD81229DB41D200BAA065 /* ChatAI */;
			targetProxy = F58DD82529DB41D200BAA065 /* PBXContainerItemProxy */;
		};
		F58DD83029DB41D200BAA065 /* PBXTargetDependency */ = {
			isa = PBXTargetDependency;
			target = F58DD81229DB41D200BAA065 /* ChatAI */;
			targetProxy = F58DD82F29DB41D200BAA065 /* PBXContainerItemProxy */;
		};
/* End PBXTargetDependency section */

/* Begin XCBuildConfiguration section */
		F58DD83629DB41D200BAA065 /* Debug */ = {
			isa = XCBuildConfiguration;
			buildSettings = {
				ALWAYS_SEARCH_USER_PATHS = NO;
				CLANG_ANALYZER_NONNULL = YES;
				CLANG_ANALYZER_NUMBER_OBJECT_CONVERSION = YES_AGGRESSIVE;
				CLANG_CXX_LANGUAGE_STANDARD = "gnu++20";
				CLANG_ENABLE_MODULES = YES;
				CLANG_ENABLE_OBJC_ARC = YES;
				CLANG_ENABLE_OBJC_WEAK = YES;
				CLANG_WARN_BLOCK_CAPTURE_AUTORELEASING = YES;
				CLANG_WARN_BOOL_CONVERSION = YES;
				CLANG_WARN_COMMA = YES;
				CLANG_WARN_CONSTANT_CONVERSION = YES;
				CLANG_WARN_DEPRECATED_OBJC_IMPLEMENTATIONS = YES;
				CLANG_WARN_DIRECT_OBJC_ISA_USAGE = YES_ERROR;
				CLANG_WARN_DOCUMENTATION_COMMENTS = YES;
				CLANG_WARN_EMPTY_BODY = YES;
				CLANG_WARN_ENUM_CONVERSION = YES;
				CLANG_WARN_INFINITE_RECURSION = YES;
				CLANG_WARN_INT_CONVERSION = YES;
				CLANG_WARN_NON_LITERAL_NULL_CONVERSION = YES;
				CLANG_WARN_OBJC_IMPLICIT_RETAIN_SELF = YES;
				CLANG_WARN_OBJC_LITERAL_CONVERSION = YES;
				CLANG_WARN_OBJC_ROOT_CLASS = YES_ERROR;
				CLANG_WARN_QUOTED_INCLUDE_IN_FRAMEWORK_HEADER = YES;
				CLANG_WARN_RANGE_LOOP_ANALYSIS = YES;
				CLANG_WARN_STRICT_PROTOTYPES = YES;
				CLANG_WARN_SUSPICIOUS_MOVE = YES;
				CLANG_WARN_UNGUARDED_AVAILABILITY = YES_AGGRESSIVE;
				CLANG_WARN_UNREACHABLE_CODE = YES;
				CLANG_WARN__DUPLICATE_METHOD_MATCH = YES;
				COPY_PHASE_STRIP = NO;
				DEBUG_INFORMATION_FORMAT = dwarf;
				ENABLE_STRICT_OBJC_MSGSEND = YES;
				ENABLE_TESTABILITY = YES;
				GCC_C_LANGUAGE_STANDARD = gnu11;
				GCC_DYNAMIC_NO_PIC = NO;
				GCC_NO_COMMON_BLOCKS = YES;
				GCC_OPTIMIZATION_LEVEL = 0;
				GCC_PREPROCESSOR_DEFINITIONS = (
					"DEBUG=1",
					"$(inherited)",
				);
				GCC_WARN_64_TO_32_BIT_CONVERSION = YES;
				GCC_WARN_ABOUT_RETURN_TYPE = YES_ERROR;
				GCC_WARN_UNDECLARED_SELECTOR = YES;
				GCC_WARN_UNINITIALIZED_AUTOS = YES_AGGRESSIVE;
				GCC_WARN_UNUSED_FUNCTION = YES;
				GCC_WARN_UNUSED_VARIABLE = YES;
				MTL_ENABLE_DEBUG_INFO = INCLUDE_SOURCE;
				MTL_FAST_MATH = YES;
				ONLY_ACTIVE_ARCH = YES;
				SWIFT_ACTIVE_COMPILATION_CONDITIONS = DEBUG;
				SWIFT_OPTIMIZATION_LEVEL = "-Onone";
			};
			name = Debug;
		};
		F58DD83729DB41D200BAA065 /* Release */ = {
			isa = XCBuildConfiguration;
			buildSettings = {
				ALWAYS_SEARCH_USER_PATHS = NO;
				CLANG_ANALYZER_NONNULL = YES;
				CLANG_ANALYZER_NUMBER_OBJECT_CONVERSION = YES_AGGRESSIVE;
				CLANG_CXX_LANGUAGE_STANDARD = "gnu++20";
				CLANG_ENABLE_MODULES = YES;
				CLANG_ENABLE_OBJC_ARC = YES;
				CLANG_ENABLE_OBJC_WEAK = YES;
				CLANG_WARN_BLOCK_CAPTURE_AUTORELEASING = YES;
				CLANG_WARN_BOOL_CONVERSION = YES;
				CLANG_WARN_COMMA = YES;
				CLANG_WARN_CONSTANT_CONVERSION = YES;
				CLANG_WARN_DEPRECATED_OBJC_IMPLEMENTATIONS = YES;
				CLANG_WARN_DIRECT_OBJC_ISA_USAGE = YES_ERROR;
				CLANG_WARN_DOCUMENTATION_COMMENTS = YES;
				CLANG_WARN_EMPTY_BODY = YES;
				CLANG_WARN_ENUM_CONVERSION = YES;
				CLANG_WARN_INFINITE_RECURSION = YES;
				CLANG_WARN_INT_CONVERSION = YES;
				CLANG_WARN_NON_LITERAL_NULL_CONVERSION = YES;
				CLANG_WARN_OBJC_IMPLICIT_RETAIN_SELF = YES;
				CLANG_WARN_OBJC_LITERAL_CONVERSION = YES;
				CLANG_WARN_OBJC_ROOT_CLASS = YES_ERROR;
				CLANG_WARN_QUOTED_INCLUDE_IN_FRAMEWORK_HEADER = YES;
				CLANG_WARN_RANGE_LOOP_ANALYSIS = YES;
				CLANG_WARN_STRICT_PROTOTYPES = YES;
				CLANG_WARN_SUSPICIOUS_MOVE = YES;
				CLANG_WARN_UNGUARDED_AVAILABILITY = YES_AGGRESSIVE;
				CLANG_WARN_UNREACHABLE_CODE = YES;
				CLANG_WARN__DUPLICATE_METHOD_MATCH = YES;
				COPY_PHASE_STRIP = NO;
				DEBUG_INFORMATION_FORMAT = "dwarf-with-dsym";
				ENABLE_NS_ASSERTIONS = NO;
				ENABLE_STRICT_OBJC_MSGSEND = YES;
				GCC_C_LANGUAGE_STANDARD = gnu11;
				GCC_NO_COMMON_BLOCKS = YES;
				GCC_WARN_64_TO_32_BIT_CONVERSION = YES;
				GCC_WARN_ABOUT_RETURN_TYPE = YES_ERROR;
				GCC_WARN_UNDECLARED_SELECTOR = YES;
				GCC_WARN_UNINITIALIZED_AUTOS = YES_AGGRESSIVE;
				GCC_WARN_UNUSED_FUNCTION = YES;
				GCC_WARN_UNUSED_VARIABLE = YES;
				MTL_ENABLE_DEBUG_INFO = NO;
				MTL_FAST_MATH = YES;
				SWIFT_COMPILATION_MODE = wholemodule;
				SWIFT_OPTIMIZATION_LEVEL = "-O";
			};
			name = Release;
		};
		F58DD83929DB41D200BAA065 /* Debug */ = {
			isa = XCBuildConfiguration;
			buildSettings = {
				ASSETCATALOG_COMPILER_APPICON_NAME = AppIcon;
				ASSETCATALOG_COMPILER_GLOBAL_ACCENT_COLOR_NAME = AccentColor;
				CODE_SIGN_ENTITLEMENTS = ChatAI/ChatAI.entitlements;
				CODE_SIGN_STYLE = Automatic;
				CURRENT_PROJECT_VERSION = 1;
				DEVELOPMENT_ASSET_PATHS = "\"ChatAI/Preview Content\"";
				DEVELOPMENT_TEAM = SYH76T8D2F;
				ENABLE_HARDENED_RUNTIME = YES;
				ENABLE_PREVIEWS = YES;
				GENERATE_INFOPLIST_FILE = YES;
				INFOPLIST_FILE = ChatAI/Info.plist;
				"INFOPLIST_KEY_UIApplicationSceneManifest_Generation[sdk=iphoneos*]" = YES;
				"INFOPLIST_KEY_UIApplicationSceneManifest_Generation[sdk=iphonesimulator*]" = YES;
				"INFOPLIST_KEY_UIApplicationSupportsIndirectInputEvents[sdk=iphoneos*]" = YES;
				"INFOPLIST_KEY_UIApplicationSupportsIndirectInputEvents[sdk=iphonesimulator*]" = YES;
				"INFOPLIST_KEY_UILaunchScreen_Generation[sdk=iphoneos*]" = YES;
				"INFOPLIST_KEY_UILaunchScreen_Generation[sdk=iphonesimulator*]" = YES;
				"INFOPLIST_KEY_UIStatusBarStyle[sdk=iphoneos*]" = UIStatusBarStyleDefault;
				"INFOPLIST_KEY_UIStatusBarStyle[sdk=iphonesimulator*]" = UIStatusBarStyleDefault;
				INFOPLIST_KEY_UISupportedInterfaceOrientations_iPad = "UIInterfaceOrientationPortrait UIInterfaceOrientationPortraitUpsideDown UIInterfaceOrientationLandscapeLeft UIInterfaceOrientationLandscapeRight";
				INFOPLIST_KEY_UISupportedInterfaceOrientations_iPhone = "UIInterfaceOrientationPortrait UIInterfaceOrientationLandscapeLeft UIInterfaceOrientationLandscapeRight";
				IPHONEOS_DEPLOYMENT_TARGET = 16.4;
				LD_RUNPATH_SEARCH_PATHS = "@executable_path/Frameworks";
				"LD_RUNPATH_SEARCH_PATHS[sdk=macosx*]" = "@executable_path/../Frameworks";
				MACOSX_DEPLOYMENT_TARGET = 13.2;
				MARKETING_VERSION = 1.0;
				PRODUCT_BUNDLE_IDENTIFIER = com.byrongomezjr.ChatAI;
				PRODUCT_NAME = "$(TARGET_NAME)";
				SDKROOT = auto;
				SUPPORTED_PLATFORMS = "iphoneos iphonesimulator macosx";
				SWIFT_EMIT_LOC_STRINGS = YES;
				SWIFT_VERSION = 5.0;
				TARGETED_DEVICE_FAMILY = "1,2";
			};
			name = Debug;
		};
		F58DD83A29DB41D200BAA065 /* Release */ = {
			isa = XCBuildConfiguration;
			buildSettings = {
				ASSETCATALOG_COMPILER_APPICON_NAME = AppIcon;
				ASSETCATALOG_COMPILER_GLOBAL_ACCENT_COLOR_NAME = AccentColor;
				CODE_SIGN_ENTITLEMENTS = ChatAI/ChatAI.entitlements;
				CODE_SIGN_STYLE = Automatic;
				CURRENT_PROJECT_VERSION = 1;
				DEVELOPMENT_ASSET_PATHS = "\"ChatAI/Preview Content\"";
				DEVELOPMENT_TEAM = SYH76T8D2F;
				ENABLE_HARDENED_RUNTIME = YES;
				ENABLE_PREVIEWS = YES;
				GENERATE_INFOPLIST_FILE = YES;
				INFOPLIST_FILE = ChatAI/Info.plist;
				"INFOPLIST_KEY_UIApplicationSceneManifest_Generation[sdk=iphoneos*]" = YES;
				"INFOPLIST_KEY_UIApplicationSceneManifest_Generation[sdk=iphonesimulator*]" = YES;
				"INFOPLIST_KEY_UIApplicationSupportsIndirectInputEvents[sdk=iphoneos*]" = YES;
				"INFOPLIST_KEY_UIApplicationSupportsIndirectInputEvents[sdk=iphonesimulator*]" = YES;
				"INFOPLIST_KEY_UILaunchScreen_Generation[sdk=iphoneos*]" = YES;
				"INFOPLIST_KEY_UILaunchScreen_Generation[sdk=iphonesimulator*]" = YES;
				"INFOPLIST_KEY_UIStatusBarStyle[sdk=iphoneos*]" = UIStatusBarStyleDefault;
				"INFOPLIST_KEY_UIStatusBarStyle[sdk=iphonesimulator*]" = UIStatusBarStyleDefault;
				INFOPLIST_KEY_UISupportedInterfaceOrientations_iPad = "UIInterfaceOrientationPortrait UIInterfaceOrientationPortraitUpsideDown UIInterfaceOrientationLandscapeLeft UIInterfaceOrientationLandscapeRight";
				INFOPLIST_KEY_UISupportedInterfaceOrientations_iPhone = "UIInterfaceOrientationPortrait UIInterfaceOrientationLandscapeLeft UIInterfaceOrientationLandscapeRight";
				IPHONEOS_DEPLOYMENT_TARGET = 16.4;
				LD_RUNPATH_SEARCH_PATHS = "@executable_path/Frameworks";
				"LD_RUNPATH_SEARCH_PATHS[sdk=macosx*]" = "@executable_path/../Frameworks";
				MACOSX_DEPLOYMENT_TARGET = 13.2;
				MARKETING_VERSION = 1.0;
				PRODUCT_BUNDLE_IDENTIFIER = com.byrongomezjr.ChatAI;
				PRODUCT_NAME = "$(TARGET_NAME)";
				SDKROOT = auto;
				SUPPORTED_PLATFORMS = "iphoneos iphonesimulator macosx";
				SWIFT_EMIT_LOC_STRINGS = YES;
				SWIFT_VERSION = 5.0;
				TARGETED_DEVICE_FAMILY = "1,2";
			};
			name = Release;
		};
		F58DD83C29DB41D200BAA065 /* Debug */ = {
			isa = XCBuildConfiguration;
			buildSettings = {
				ALWAYS_EMBED_SWIFT_STANDARD_LIBRARIES = YES;
				BUNDLE_LOADER = "$(TEST_HOST)";
				CODE_SIGN_STYLE = Automatic;
				CURRENT_PROJECT_VERSION = 1;
				DEVELOPMENT_TEAM = SYH76T8D2F;
				GENERATE_INFOPLIST_FILE = YES;
				IPHONEOS_DEPLOYMENT_TARGET = 16.4;
				MACOSX_DEPLOYMENT_TARGET = 13.2;
				MARKETING_VERSION = 1.0;
				PRODUCT_BUNDLE_IDENTIFIER = com.byrongomezjr.ChatAITests;
				PRODUCT_NAME = "$(TARGET_NAME)";
				SDKROOT = auto;
				SUPPORTED_PLATFORMS = "iphoneos iphonesimulator macosx";
				SWIFT_EMIT_LOC_STRINGS = NO;
				SWIFT_VERSION = 5.0;
				TARGETED_DEVICE_FAMILY = "1,2";
				TEST_HOST = "$(BUILT_PRODUCTS_DIR)/ChatAI.app/$(BUNDLE_EXECUTABLE_FOLDER_PATH)/ChatAI";
			};
			name = Debug;
		};
		F58DD83D29DB41D200BAA065 /* Release */ = {
			isa = XCBuildConfiguration;
			buildSettings = {
				ALWAYS_EMBED_SWIFT_STANDARD_LIBRARIES = YES;
				BUNDLE_LOADER = "$(TEST_HOST)";
				CODE_SIGN_STYLE = Automatic;
				CURRENT_PROJECT_VERSION = 1;
				DEVELOPMENT_TEAM = SYH76T8D2F;
				GENERATE_INFOPLIST_FILE = YES;
				IPHONEOS_DEPLOYMENT_TARGET = 16.4;
				MACOSX_DEPLOYMENT_TARGET = 13.2;
				MARKETING_VERSION = 1.0;
				PRODUCT_BUNDLE_IDENTIFIER = com.byrongomezjr.ChatAITests;
				PRODUCT_NAME = "$(TARGET_NAME)";
				SDKROOT = auto;
				SUPPORTED_PLATFORMS = "iphoneos iphonesimulator macosx";
				SWIFT_EMIT_LOC_STRINGS = NO;
				SWIFT_VERSION = 5.0;
				TARGETED_DEVICE_FAMILY = "1,2";
				TEST_HOST = "$(BUILT_PRODUCTS_DIR)/ChatAI.app/$(BUNDLE_EXECUTABLE_FOLDER_PATH)/ChatAI";
			};
			name = Release;
		};
		F58DD83F29DB41D200BAA065 /* Debug */ = {
			isa = XCBuildConfiguration;
			buildSettings = {
				ALWAYS_EMBED_SWIFT_STANDARD_LIBRARIES = YES;
				CODE_SIGN_STYLE = Automatic;
				CURRENT_PROJECT_VERSION = 1;
				DEVELOPMENT_TEAM = SYH76T8D2F;
				GENERATE_INFOPLIST_FILE = YES;
				IPHONEOS_DEPLOYMENT_TARGET = 16.4;
				MACOSX_DEPLOYMENT_TARGET = 13.2;
				MARKETING_VERSION = 1.0;
				PRODUCT_BUNDLE_IDENTIFIER = com.byrongomezjr.ChatAIUITests;
				PRODUCT_NAME = "$(TARGET_NAME)";
				SDKROOT = auto;
				SUPPORTED_PLATFORMS = "iphoneos iphonesimulator macosx";
				SWIFT_EMIT_LOC_STRINGS = NO;
				SWIFT_VERSION = 5.0;
				TARGETED_DEVICE_FAMILY = "1,2";
				TEST_TARGET_NAME = ChatAI;
			};
			name = Debug;
		};
		F58DD84029DB41D200BAA065 /* Release */ = {
			isa = XCBuildConfiguration;
			buildSettings = {
				ALWAYS_EMBED_SWIFT_STANDARD_LIBRARIES = YES;
				CODE_SIGN_STYLE = Automatic;
				CURRENT_PROJECT_VERSION = 1;
				DEVELOPMENT_TEAM = SYH76T8D2F;
				GENERATE_INFOPLIST_FILE = YES;
				IPHONEOS_DEPLOYMENT_TARGET = 16.4;
				MACOSX_DEPLOYMENT_TARGET = 13.2;
				MARKETING_VERSION = 1.0;
				PRODUCT_BUNDLE_IDENTIFIER = com.byrongomezjr.ChatAIUITests;
				PRODUCT_NAME = "$(TARGET_NAME)";
				SDKROOT = auto;
				SUPPORTED_PLATFORMS = "iphoneos iphonesimulator macosx";
				SWIFT_EMIT_LOC_STRINGS = NO;
				SWIFT_VERSION = 5.0;
				TARGETED_DEVICE_FAMILY = "1,2";
				TEST_TARGET_NAME = ChatAI;
			};
			name = Release;
		};
/* End XCBuildConfiguration section */

/* Begin XCConfigurationList section */
		F58DD80E29DB41D200BAA065 /* Build configuration list for PBXProject "ChatAI" */ = {
			isa = XCConfigurationList;
			buildConfigurations = (
				F58DD83629DB41D200BAA065 /* Debug */,
				F58DD83729DB41D200BAA065 /* Release */,
			);
			defaultConfigurationIsVisible = 0;
			defaultConfigurationName = Release;
		};
		F58DD83829DB41D200BAA065 /* Build configuration list for PBXNativeTarget "ChatAI" */ = {
			isa = XCConfigurationList;
			buildConfigurations = (
				F58DD83929DB41D200BAA065 /* Debug */,
				F58DD83A29DB41D200BAA065 /* Release */,
			);
			defaultConfigurationIsVisible = 0;
			defaultConfigurationName = Release;
		};
		F58DD83B29DB41D200BAA065 /* Build configuration list for PBXNativeTarget "ChatAITests" */ = {
			isa = XCConfigurationList;
			buildConfigurations = (
				F58DD83C29DB41D200BAA065 /* Debug */,
				F58DD83D29DB41D200BAA065 /* Release */,
			);
			defaultConfigurationIsVisible = 0;
			defaultConfigurationName = Release;
		};
		F58DD83E29DB41D200BAA065 /* Build configuration list for PBXNativeTarget "ChatAIUITests" */ = {
			isa = XCConfigurationList;
			buildConfigurations = (
				F58DD83F29DB41D200BAA065 /* Debug */,
				F58DD84029DB41D200BAA065 /* Release */,
			);
			defaultConfigurationIsVisible = 0;
			defaultConfigurationName = Release;
		};
/* End XCConfigurationList section */

/* Begin XCRemoteSwiftPackageReference section */
		F58DD84129DB431D00BAA065 /* XCRemoteSwiftPackageReference "firebase-ios-sdk" */ = {
			isa = XCRemoteSwiftPackageReference;
			repositoryURL = "https://github.com/firebase/firebase-ios-sdk";
			requirement = {
				kind = upToNextMajorVersion;
				minimumVersion = 10.0.0;
			};
		};
		F58DD84429DB43E300BAA065 /* XCRemoteSwiftPackageReference "GoogleSignIn-iOS" */ = {
			isa = XCRemoteSwiftPackageReference;
			repositoryURL = "https://github.com/google/GoogleSignIn-iOS";
			requirement = {
				kind = upToNextMajorVersion;
				minimumVersion = 7.0.0;
			};
		};
		F5DAA2E329EE262B0024C9F1 /* XCRemoteSwiftPackageReference "OpenAISwift" */ = {
			isa = XCRemoteSwiftPackageReference;
			repositoryURL = "https://github.com/adamrushy/OpenAISwift";
			requirement = {
				kind = upToNextMajorVersion;
				minimumVersion = 1.0.0;
			};
		};
/* End XCRemoteSwiftPackageReference section */

/* Begin XCSwiftPackageProductDependency section */
		F58DD84229DB431D00BAA065 /* FirebaseAuth */ = {
			isa = XCSwiftPackageProductDependency;
			package = F58DD84129DB431D00BAA065 /* XCRemoteSwiftPackageReference "firebase-ios-sdk" */;
			productName = FirebaseAuth;
		};
		F58DD84529DB43E300BAA065 /* GoogleSignIn */ = {
			isa = XCSwiftPackageProductDependency;
			package = F58DD84429DB43E300BAA065 /* XCRemoteSwiftPackageReference "GoogleSignIn-iOS" */;
			productName = GoogleSignIn;
		};
		F58DD84729DB43E300BAA065 /* GoogleSignInSwift */ = {
			isa = XCSwiftPackageProductDependency;
			package = F58DD84429DB43E300BAA065 /* XCRemoteSwiftPackageReference "GoogleSignIn-iOS" */;
			productName = GoogleSignInSwift;
		};
		F5DAA2E429EE262B0024C9F1 /* OpenAISwift */ = {
			isa = XCSwiftPackageProductDependency;
			package = F5DAA2E329EE262B0024C9F1 /* XCRemoteSwiftPackageReference "OpenAISwift" */;
			productName = OpenAISwift;
		};
/* End XCSwiftPackageProductDependency section */
	};
	rootObject = F58DD80B29DB41D200BAA065 /* Project object */;
}
